// !$*UTF8*$!
{
	archiveVersion = 1;
	classes = {
	};
	objectVersion = 55;
	objects = {

/* Begin PBXBuildFile section */
		7D996AC9285F7C2200B7668B /* RoundedTabBarController.swift in Sources */ = {isa = PBXBuildFile; fileRef = 7D996AC8285F7C2200B7668B /* RoundedTabBarController.swift */; };
		7D996ACE285FCDD800B7668B /* ProductCollectionViewCell.swift in Sources */ = {isa = PBXBuildFile; fileRef = 7D996ACD285FCDD800B7668B /* ProductCollectionViewCell.swift */; };
		7D996AD0285FD9A300B7668B /* Product.swift in Sources */ = {isa = PBXBuildFile; fileRef = 7D996ACF285FD9A300B7668B /* Product.swift */; };
		7D996AD2285FDC8800B7668B /* ProductListViewModel.swift in Sources */ = {isa = PBXBuildFile; fileRef = 7D996AD1285FDC8800B7668B /* ProductListViewModel.swift */; };
		7DEF4F9D285F4F220026DD8D /* AppDelegate.swift in Sources */ = {isa = PBXBuildFile; fileRef = 7DEF4F9C285F4F220026DD8D /* AppDelegate.swift */; };
		7DEF4F9F285F4F220026DD8D /* SceneDelegate.swift in Sources */ = {isa = PBXBuildFile; fileRef = 7DEF4F9E285F4F220026DD8D /* SceneDelegate.swift */; };
		7DEF4FA4285F4F220026DD8D /* Main.storyboard in Resources */ = {isa = PBXBuildFile; fileRef = 7DEF4FA2285F4F220026DD8D /* Main.storyboard */; };
		7DEF4FA6285F4F240026DD8D /* Assets.xcassets in Resources */ = {isa = PBXBuildFile; fileRef = 7DEF4FA5285F4F240026DD8D /* Assets.xcassets */; };
		7DEF4FA9285F4F240026DD8D /* LaunchScreen.storyboard in Resources */ = {isa = PBXBuildFile; fileRef = 7DEF4FA7285F4F240026DD8D /* LaunchScreen.storyboard */; };
		7DEF4FB4285F502B0026DD8D /* OnboardingScreenViewController.swift in Sources */ = {isa = PBXBuildFile; fileRef = 7DEF4FB3285F502B0026DD8D /* OnboardingScreenViewController.swift */; };
		7DEF4FB6285F66B60026DD8D /* HomeScreenViewController.swift in Sources */ = {isa = PBXBuildFile; fileRef = 7DEF4FB5285F66B60026DD8D /* HomeScreenViewController.swift */; };
/* End PBXBuildFile section */

/* Begin PBXFileReference section */
		7D996AC8285F7C2200B7668B /* RoundedTabBarController.swift */ = {isa = PBXFileReference; lastKnownFileType = sourcecode.swift; path = RoundedTabBarController.swift; sourceTree = "<group>"; };
		7D996ACD285FCDD800B7668B /* ProductCollectionViewCell.swift */ = {isa = PBXFileReference; lastKnownFileType = sourcecode.swift; path = ProductCollectionViewCell.swift; sourceTree = "<group>"; };
		7D996ACF285FD9A300B7668B /* Product.swift */ = {isa = PBXFileReference; lastKnownFileType = sourcecode.swift; path = Product.swift; sourceTree = "<group>"; };
		7D996AD1285FDC8800B7668B /* ProductListViewModel.swift */ = {isa = PBXFileReference; lastKnownFileType = sourcecode.swift; path = ProductListViewModel.swift; sourceTree = "<group>"; };
		7DEF4F99285F4F220026DD8D /* NeonAppsCase.app */ = {isa = PBXFileReference; explicitFileType = wrapper.application; includeInIndex = 0; path = NeonAppsCase.app; sourceTree = BUILT_PRODUCTS_DIR; };
		7DEF4F9C285F4F220026DD8D /* AppDelegate.swift */ = {isa = PBXFileReference; lastKnownFileType = sourcecode.swift; path = AppDelegate.swift; sourceTree = "<group>"; };
		7DEF4F9E285F4F220026DD8D /* SceneDelegate.swift */ = {isa = PBXFileReference; lastKnownFileType = sourcecode.swift; path = SceneDelegate.swift; sourceTree = "<group>"; };
		7DEF4FA3285F4F220026DD8D /* Base */ = {isa = PBXFileReference; lastKnownFileType = file.storyboard; name = Base; path = Base.lproj/Main.storyboard; sourceTree = "<group>"; };
		7DEF4FA5285F4F240026DD8D /* Assets.xcassets */ = {isa = PBXFileReference; lastKnownFileType = folder.assetcatalog; path = Assets.xcassets; sourceTree = "<group>"; };
		7DEF4FA8285F4F240026DD8D /* Base */ = {isa = PBXFileReference; lastKnownFileType = file.storyboard; name = Base; path = Base.lproj/LaunchScreen.storyboard; sourceTree = "<group>"; };
		7DEF4FAA285F4F240026DD8D /* Info.plist */ = {isa = PBXFileReference; lastKnownFileType = text.plist.xml; path = Info.plist; sourceTree = "<group>"; };
		7DEF4FB3285F502B0026DD8D /* OnboardingScreenViewController.swift */ = {isa = PBXFileReference; lastKnownFileType = sourcecode.swift; path = OnboardingScreenViewController.swift; sourceTree = "<group>"; };
		7DEF4FB5285F66B60026DD8D /* HomeScreenViewController.swift */ = {isa = PBXFileReference; lastKnownFileType = sourcecode.swift; path = HomeScreenViewController.swift; sourceTree = "<group>"; };
/* End PBXFileReference section */

/* Begin PBXFrameworksBuildPhase section */
		7DEF4F96285F4F220026DD8D /* Frameworks */ = {
			isa = PBXFrameworksBuildPhase;
			buildActionMask = 2147483647;
			files = (
			);
			runOnlyForDeploymentPostprocessing = 0;
		};
/* End PBXFrameworksBuildPhase section */

/* Begin PBXGroup section */
		7D996ACC285FCDBF00B7668B /* Cell */ = {
			isa = PBXGroup;
			children = (
				7D996ACD285FCDD800B7668B /* ProductCollectionViewCell.swift */,
			);
			path = Cell;
			sourceTree = "<group>";
		};
		7DEF4F90285F4F220026DD8D = {
			isa = PBXGroup;
			children = (
				7DEF4F9B285F4F220026DD8D /* NeonAppsCase */,
				7DEF4F9A285F4F220026DD8D /* Products */,
			);
			sourceTree = "<group>";
		};
		7DEF4F9A285F4F220026DD8D /* Products */ = {
			isa = PBXGroup;
			children = (
				7DEF4F99285F4F220026DD8D /* NeonAppsCase.app */,
			);
			name = Products;
			sourceTree = "<group>";
		};
		7DEF4F9B285F4F220026DD8D /* NeonAppsCase */ = {
			isa = PBXGroup;
			children = (
				7DEF4FB2285F50090026DD8D /* ViewModel */,
				7DEF4FB1285F4FCA0026DD8D /* Model */,
				7DEF4FB0285F4FC50026DD8D /* View */,
				7DEF4F9C285F4F220026DD8D /* AppDelegate.swift */,
				7DEF4F9E285F4F220026DD8D /* SceneDelegate.swift */,
				7DEF4FA2285F4F220026DD8D /* Main.storyboard */,
				7DEF4FA5285F4F240026DD8D /* Assets.xcassets */,
				7DEF4FA7285F4F240026DD8D /* LaunchScreen.storyboard */,
				7DEF4FAA285F4F240026DD8D /* Info.plist */,
			);
			path = NeonAppsCase;
			sourceTree = "<group>";
		};
		7DEF4FB0285F4FC50026DD8D /* View */ = {
			isa = PBXGroup;
			children = (
				7D996ACC285FCDBF00B7668B /* Cell */,
				7DEF4FB3285F502B0026DD8D /* OnboardingScreenViewController.swift */,
				7DEF4FB5285F66B60026DD8D /* HomeScreenViewController.swift */,
				7D996AC8285F7C2200B7668B /* RoundedTabBarController.swift */,
			);
			path = View;
			sourceTree = "<group>";
		};
		7DEF4FB1285F4FCA0026DD8D /* Model */ = {
			isa = PBXGroup;
			children = (
				7D996ACF285FD9A300B7668B /* Product.swift */,
			);
			path = Model;
			sourceTree = "<group>";
		};
		7DEF4FB2285F50090026DD8D /* ViewModel */ = {
			isa = PBXGroup;
			children = (
				7D996AD1285FDC8800B7668B /* ProductListViewModel.swift */,
			);
			path = ViewModel;
			sourceTree = "<group>";
		};
/* End PBXGroup section */

/* Begin PBXNativeTarget section */
		7DEF4F98285F4F220026DD8D /* NeonAppsCase */ = {
			isa = PBXNativeTarget;
			buildConfigurationList = 7DEF4FAD285F4F240026DD8D /* Build configuration list for PBXNativeTarget "NeonAppsCase" */;
			buildPhases = (
				7DEF4F95285F4F220026DD8D /* Sources */,
				7DEF4F96285F4F220026DD8D /* Frameworks */,
				7DEF4F97285F4F220026DD8D /* Resources */,
			);
			buildRules = (
			);
			dependencies = (
			);
			name = NeonAppsCase;
			productName = NeonAppsCase;
			productReference = 7DEF4F99285F4F220026DD8D /* NeonAppsCase.app */;
			productType = "com.apple.product-type.application";
		};
/* End PBXNativeTarget section */

/* Begin PBXProject section */
		7DEF4F91285F4F220026DD8D /* Project object */ = {
			isa = PBXProject;
			attributes = {
				BuildIndependentTargetsInParallel = 1;
				LastSwiftUpdateCheck = 1330;
				LastUpgradeCheck = 1330;
				TargetAttributes = {
					7DEF4F98285F4F220026DD8D = {
						CreatedOnToolsVersion = 13.3.1;
					};
				};
			};
			buildConfigurationList = 7DEF4F94285F4F220026DD8D /* Build configuration list for PBXProject "NeonAppsCase" */;
			compatibilityVersion = "Xcode 13.0";
			developmentRegion = en;
			hasScannedForEncodings = 0;
			knownRegions = (
				en,
				Base,
			);
			mainGroup = 7DEF4F90285F4F220026DD8D;
			productRefGroup = 7DEF4F9A285F4F220026DD8D /* Products */;
			projectDirPath = "";
			projectRoot = "";
			targets = (
				7DEF4F98285F4F220026DD8D /* NeonAppsCase */,
			);
		};
/* End PBXProject section */

/* Begin PBXResourcesBuildPhase section */
		7DEF4F97285F4F220026DD8D /* Resources */ = {
			isa = PBXResourcesBuildPhase;
			buildActionMask = 2147483647;
			files = (
				7DEF4FA9285F4F240026DD8D /* LaunchScreen.storyboard in Resources */,
				7DEF4FA6285F4F240026DD8D /* Assets.xcassets in Resources */,
				7DEF4FA4285F4F220026DD8D /* Main.storyboard in Resources */,
			);
			runOnlyForDeploymentPostprocessing = 0;
		};
/* End PBXResourcesBuildPhase section */

/* Begin PBXSourcesBuildPhase section */
		7DEF4F95285F4F220026DD8D /* Sources */ = {
			isa = PBXSourcesBuildPhase;
			buildActionMask = 2147483647;
			files = (
				7DEF4F9D285F4F220026DD8D /* AppDelegate.swift in Sources */,
				7DEF4FB6285F66B60026DD8D /* HomeScreenViewController.swift in Sources */,
				7D996AC9285F7C2200B7668B /* RoundedTabBarController.swift in Sources */,
				7DEF4FB4285F502B0026DD8D /* OnboardingScreenViewController.swift in Sources */,
				7DEF4F9F285F4F220026DD8D /* SceneDelegate.swift in Sources */,
				7D996ACE285FCDD800B7668B /* ProductCollectionViewCell.swift in Sources */,
				7D996AD2285FDC8800B7668B /* ProductListViewModel.swift in Sources */,
				7D996AD0285FD9A300B7668B /* Product.swift in Sources */,
			);
			runOnlyForDeploymentPostprocessing = 0;
		};
/* End PBXSourcesBuildPhase section */

/* Begin PBXVariantGroup section */
		7DEF4FA2285F4F220026DD8D /* Main.storyboard */ = {
			isa = PBXVariantGroup;
			children = (
				7DEF4FA3285F4F220026DD8D /* Base */,
			);
			name = Main.storyboard;
			sourceTree = "<group>";
		};
		7DEF4FA7285F4F240026DD8D /* LaunchScreen.storyboard */ = {
			isa = PBXVariantGroup;
			children = (
				7DEF4FA8285F4F240026DD8D /* Base */,
			);
			name = LaunchScreen.storyboard;
			sourceTree = "<group>";
		};
/* End PBXVariantGroup section */

/* Begin XCBuildConfiguration section */
		7DEF4FAB285F4F240026DD8D /* Debug */ = {
			isa = XCBuildConfiguration;
			buildSettings = {
				ALWAYS_SEARCH_USER_PATHS = NO;
				CLANG_ANALYZER_NONNULL = YES;
				CLANG_ANALYZER_NUMBER_OBJECT_CONVERSION = YES_AGGRESSIVE;
				CLANG_CXX_LANGUAGE_STANDARD = "gnu++17";
				CLANG_ENABLE_MODULES = YES;
				CLANG_ENABLE_OBJC_ARC = YES;
				CLANG_ENABLE_OBJC_WEAK = YES;
				CLANG_WARN_BLOCK_CAPTURE_AUTORELEASING = YES;
				CLANG_WARN_BOOL_CONVERSION = YES;
				CLANG_WARN_COMMA = YES;
				CLANG_WARN_CONSTANT_CONVERSION = YES;
				CLANG_WARN_DEPRECATED_OBJC_IMPLEMENTATIONS = YES;
				CLANG_WARN_DIRECT_OBJC_ISA_USAGE = YES_ERROR;
				CLANG_WARN_DOCUMENTATION_COMMENTS = YES;
				CLANG_WARN_EMPTY_BODY = YES;
				CLANG_WARN_ENUM_CONVERSION = YES;
				CLANG_WARN_INFINITE_RECURSION = YES;
				CLANG_WARN_INT_CONVERSION = YES;
				CLANG_WARN_NON_LITERAL_NULL_CONVERSION = YES;
				CLANG_WARN_OBJC_IMPLICIT_RETAIN_SELF = YES;
				CLANG_WARN_OBJC_LITERAL_CONVERSION = YES;
				CLANG_WARN_OBJC_ROOT_CLASS = YES_ERROR;
				CLANG_WARN_QUOTED_INCLUDE_IN_FRAMEWORK_HEADER = YES;
				CLANG_WARN_RANGE_LOOP_ANALYSIS = YES;
				CLANG_WARN_STRICT_PROTOTYPES = YES;
				CLANG_WARN_SUSPICIOUS_MOVE = YES;
				CLANG_WARN_UNGUARDED_AVAILABILITY = YES_AGGRESSIVE;
				CLANG_WARN_UNREACHABLE_CODE = YES;
				CLANG_WARN__DUPLICATE_METHOD_MATCH = YES;
				COPY_PHASE_STRIP = NO;
				DEBUG_INFORMATION_FORMAT = dwarf;
				ENABLE_STRICT_OBJC_MSGSEND = YES;
				ENABLE_TESTABILITY = YES;
				GCC_C_LANGUAGE_STANDARD = gnu11;
				GCC_DYNAMIC_NO_PIC = NO;
				GCC_NO_COMMON_BLOCKS = YES;
				GCC_OPTIMIZATION_LEVEL = 0;
				GCC_PREPROCESSOR_DEFINITIONS = (
					"DEBUG=1",
					"$(inherited)",
				);
				GCC_WARN_64_TO_32_BIT_CONVERSION = YES;
				GCC_WARN_ABOUT_RETURN_TYPE = YES_ERROR;
				GCC_WARN_UNDECLARED_SELECTOR = YES;
				GCC_WARN_UNINITIALIZED_AUTOS = YES_AGGRESSIVE;
				GCC_WARN_UNUSED_FUNCTION = YES;
				GCC_WARN_UNUSED_VARIABLE = YES;
				IPHONEOS_DEPLOYMENT_TARGET = 15.4;
				MTL_ENABLE_DEBUG_INFO = INCLUDE_SOURCE;
				MTL_FAST_MATH = YES;
				ONLY_ACTIVE_ARCH = YES;
				SDKROOT = iphoneos;
				SWIFT_ACTIVE_COMPILATION_CONDITIONS = DEBUG;
				SWIFT_OPTIMIZATION_LEVEL = "-Onone";
			};
			name = Debug;
		};
		7DEF4FAC285F4F240026DD8D /* Release */ = {
			isa = XCBuildConfiguration;
			buildSettings = {
				ALWAYS_SEARCH_USER_PATHS = NO;
				CLANG_ANALYZER_NONNULL = YES;
				CLANG_ANALYZER_NUMBER_OBJECT_CONVERSION = YES_AGGRESSIVE;
				CLANG_CXX_LANGUAGE_STANDARD = "gnu++17";
				CLANG_ENABLE_MODULES = YES;
				CLANG_ENABLE_OBJC_ARC = YES;
				CLANG_ENABLE_OBJC_WEAK = YES;
				CLANG_WARN_BLOCK_CAPTURE_AUTORELEASING = YES;
				CLANG_WARN_BOOL_CONVERSION = YES;
				CLANG_WARN_COMMA = YES;
				CLANG_WARN_CONSTANT_CONVERSION = YES;
				CLANG_WARN_DEPRECATED_OBJC_IMPLEMENTATIONS = YES;
				CLANG_WARN_DIRECT_OBJC_ISA_USAGE = YES_ERROR;
				CLANG_WARN_DOCUMENTATION_COMMENTS = YES;
				CLANG_WARN_EMPTY_BODY = YES;
				CLANG_WARN_ENUM_CONVERSION = YES;
				CLANG_WARN_INFINITE_RECURSION = YES;
				CLANG_WARN_INT_CONVERSION = YES;
				CLANG_WARN_NON_LITERAL_NULL_CONVERSION = YES;
				CLANG_WARN_OBJC_IMPLICIT_RETAIN_SELF = YES;
				CLANG_WARN_OBJC_LITERAL_CONVERSION = YES;
				CLANG_WARN_OBJC_ROOT_CLASS = YES_ERROR;
				CLANG_WARN_QUOTED_INCLUDE_IN_FRAMEWORK_HEADER = YES;
				CLANG_WARN_RANGE_LOOP_ANALYSIS = YES;
				CLANG_WARN_STRICT_PROTOTYPES = YES;
				CLANG_WARN_SUSPICIOUS_MOVE = YES;
				CLANG_WARN_UNGUARDED_AVAILABILITY = YES_AGGRESSIVE;
				CLANG_WARN_UNREACHABLE_CODE = YES;
				CLANG_WARN__DUPLICATE_METHOD_MATCH = YES;
				COPY_PHASE_STRIP = NO;
				DEBUG_INFORMATION_FORMAT = "dwarf-with-dsym";
				ENABLE_NS_ASSERTIONS = NO;
				ENABLE_STRICT_OBJC_MSGSEND = YES;
				GCC_C_LANGUAGE_STANDARD = gnu11;
				GCC_NO_COMMON_BLOCKS = YES;
				GCC_WARN_64_TO_32_BIT_CONVERSION = YES;
				GCC_WARN_ABOUT_RETURN_TYPE = YES_ERROR;
				GCC_WARN_UNDECLARED_SELECTOR = YES;
				GCC_WARN_UNINITIALIZED_AUTOS = YES_AGGRESSIVE;
				GCC_WARN_UNUSED_FUNCTION = YES;
				GCC_WARN_UNUSED_VARIABLE = YES;
				IPHONEOS_DEPLOYMENT_TARGET = 15.4;
				MTL_ENABLE_DEBUG_INFO = NO;
				MTL_FAST_MATH = YES;
				SDKROOT = iphoneos;
				SWIFT_COMPILATION_MODE = wholemodule;
				SWIFT_OPTIMIZATION_LEVEL = "-O";
				VALIDATE_PRODUCT = YES;
			};
			name = Release;
		};
		7DEF4FAE285F4F240026DD8D /* Debug */ = {
			isa = XCBuildConfiguration;
			buildSettings = {
				ASSETCATALOG_COMPILER_APPICON_NAME = AppIcon;
				ASSETCATALOG_COMPILER_GLOBAL_ACCENT_COLOR_NAME = AccentColor;
				CODE_SIGN_STYLE = Automatic;
				CURRENT_PROJECT_VERSION = 1;
				DEVELOPMENT_TEAM = 34G99QRS57;
				GENERATE_INFOPLIST_FILE = YES;
				INFOPLIST_FILE = NeonAppsCase/Info.plist;
				INFOPLIST_KEY_UIApplicationSupportsIndirectInputEvents = YES;
				INFOPLIST_KEY_UILaunchStoryboardName = LaunchScreen;
				INFOPLIST_KEY_UIMainStoryboardFile = Main;
				INFOPLIST_KEY_UISupportedInterfaceOrientations_iPad = "UIInterfaceOrientationPortrait UIInterfaceOrientationPortraitUpsideDown UIInterfaceOrientationLandscapeLeft UIInterfaceOrientationLandscapeRight";
				INFOPLIST_KEY_UISupportedInterfaceOrientations_iPhone = "UIInterfaceOrientationPortrait UIInterfaceOrientationLandscapeLeft UIInterfaceOrientationLandscapeRight";
				LD_RUNPATH_SEARCH_PATHS = (
					"$(inherited)",
					"@executable_path/Frameworks",
				);
				MARKETING_VERSION = 1.0;
				PRODUCT_BUNDLE_IDENTIFIER = com.engingulek.NeonAppsCase;
				PRODUCT_NAME = "$(TARGET_NAME)";
				SWIFT_EMIT_LOC_STRINGS = YES;
				SWIFT_VERSION = 5.0;
				TARGETED_DEVICE_FAMILY = "1,2";
			};
			name = Debug;
		};
		7DEF4FAF285F4F240026DD8D /* Release */ = {
			isa = XCBuildConfiguration;
			buildSettings = {
				ASSETCATALOG_COMPILER_APPICON_NAME = AppIcon;
				ASSETCATALOG_COMPILER_GLOBAL_ACCENT_COLOR_NAME = AccentColor;
				CODE_SIGN_STYLE = Automatic;
				CURRENT_PROJECT_VERSION = 1;
				DEVELOPMENT_TEAM = 34G99QRS57;
				GENERATE_INFOPLIST_FILE = YES;
				INFOPLIST_FILE = NeonAppsCase/Info.plist;
				INFOPLIST_KEY_UIApplicationSupportsIndirectInputEvents = YES;
				INFOPLIST_KEY_UILaunchStoryboardName = LaunchScreen;
				INFOPLIST_KEY_UIMainStoryboardFile = Main;
				INFOPLIST_KEY_UISupportedInterfaceOrientations_iPad = "UIInterfaceOrientationPortrait UIInterfaceOrientationPortraitUpsideDown UIInterfaceOrientationLandscapeLeft UIInterfaceOrientationLandscapeRight";
				INFOPLIST_KEY_UISupportedInterfaceOrientations_iPhone = "UIInterfaceOrientationPortrait UIInterfaceOrientationLandscapeLeft UIInterfaceOrientationLandscapeRight";
				LD_RUNPATH_SEARCH_PATHS = (
					"$(inherited)",
					"@executable_path/Frameworks",
				);
				MARKETING_VERSION = 1.0;
				PRODUCT_BUNDLE_IDENTIFIER = com.engingulek.NeonAppsCase;
				PRODUCT_NAME = "$(TARGET_NAME)";
				SWIFT_EMIT_LOC_STRINGS = YES;
				SWIFT_VERSION = 5.0;
				TARGETED_DEVICE_FAMILY = "1,2";
			};
			name = Release;
		};
/* End XCBuildConfiguration section */

/* Begin XCConfigurationList section */
		7DEF4F94285F4F220026DD8D /* Build configuration list for PBXProject "NeonAppsCase" */ = {
			isa = XCConfigurationList;
			buildConfigurations = (
				7DEF4FAB285F4F240026DD8D /* Debug */,
				7DEF4FAC285F4F240026DD8D /* Release */,
			);
			defaultConfigurationIsVisible = 0;
			defaultConfigurationName = Release;
		};
		7DEF4FAD285F4F240026DD8D /* Build configuration list for PBXNativeTarget "NeonAppsCase" */ = {
			isa = XCConfigurationList;
			buildConfigurations = (
				7DEF4FAE285F4F240026DD8D /* Debug */,
				7DEF4FAF285F4F240026DD8D /* Release */,
			);
			defaultConfigurationIsVisible = 0;
			defaultConfigurationName = Release;
		};
/* End XCConfigurationList section */
	};
	rootObject = 7DEF4F91285F4F220026DD8D /* Project object */;
}
